
Microsoft Visual Studio Solution File, Format Version 12.00
# Visual Studio Version 16
VisualStudioVersion = 16.0.29728.190
MinimumVisualStudioVersion = 10.0.40219.1
Project("{9A19103F-16F7-4668-BE54-9A1E7A4F7556}") = "Payroll", "Payroll\Payroll.csproj", "{F65FB3EE-B765-41BB-AF3C-666D6FEB9A87}"
EndProject
Project("{9A19103F-16F7-4668-BE54-9A1E7A4F7556}") = "Payroll.Domain", "Payroll.Domain\Payroll.Domain.csproj", "{CD0C2C01-90F5-4EB6-973E-B2BFE38B40F8}"
EndProject
Project("{9A19103F-16F7-4668-BE54-9A1E7A4F7556}") = "Payroll.UnitTest", "Payroll.UnitTest\Payroll.UnitTest.csproj", "{B82DF15D-A264-4773-9FA1-067EF53F027E}"
EndProject
Project("{9A19103F-16F7-4668-BE54-9A1E7A4F7556}") = "Payroll.Service", "Payroll.Service\Payroll.Service.csproj", "{E1DB108D-B62A-4E6B-9D3C-ADDBB832C835}"
EndProject
Project("{9A19103F-16F7-4668-BE54-9A1E7A4F7556}") = "Payroll.Data", "Payroll.Data\Payroll.Data.csproj", "{01F56A0E-5C4D-4496-A830-ECA50C676FEF}"
EndProject
Project("{9A19103F-16F7-4668-BE54-9A1E7A4F7556}") = "QuickBase.Api", "QuickBaseApi\QuickBase.Api.csproj", "{38F86A9E-962D-4A42-AA24-E094AD02E202}"
EndProject
Project("{9A19103F-16F7-4668-BE54-9A1E7A4F7556}") = "QuickBase.IntegrationTests", "QuickBase.IntegrationTests\QuickBase.IntegrationTests.csproj", "{9ED5CC8C-309A-471B-8B4F-ED6F248010C5}"
EndProject
Project("{2150E333-8FDC-42A3-9474-1A3956D46DE8}") = "Solution Items", "Solution Items", "{1BEF4AAB-2F83-46A6-B30A-B008EFA547B0}"
	ProjectSection(SolutionItems) = preProject
		README.md = README.md
	EndProjectSection
EndProject
Project("{9A19103F-16F7-4668-BE54-9A1E7A4F7556}") = "Payroll.IntegrationTest", "Payroll.IntegrationTest\Payroll.IntegrationTest.csproj", "{66656699-B478-4D08-8C22-B7886F115702}"
EndProject
Project("{9A19103F-16F7-4668-BE54-9A1E7A4F7556}") = "Payroll.Infrastructure", "Payroll.Infrastructure\Payroll.Infrastructure.csproj", "{B55B485E-D38D-4767-99AF-AA966864F223}"
EndProject
Project("{2150E333-8FDC-42A3-9474-1A3956D46DE8}") = "IdentityServer", "IdentityServer", "{DDF75464-D081-45D1-8A7B-610168D76B27}"
EndProject
Project("{9A19103F-16F7-4668-BE54-9A1E7A4F7556}") = "PrimaCompany.IDP", "PrimaCompany.IDP\PrimaCompany.IDP.csproj", "{6EA5CADE-6EE1-4E0F-A988-A8D20CB438F1}"
EndProject
Global
	GlobalSection(SolutionConfigurationPlatforms) = preSolution
		Debug|Any CPU = Debug|Any CPU
		Release|Any CPU = Release|Any CPU
	EndGlobalSection
	GlobalSection(ProjectConfigurationPlatforms) = postSolution
		{F65FB3EE-B765-41BB-AF3C-666D6FEB9A87}.Debug|Any CPU.ActiveCfg = Debug|Any CPU
		{F65FB3EE-B765-41BB-AF3C-666D6FEB9A87}.Debug|Any CPU.Build.0 = Debug|Any CPU
		{F65FB3EE-B765-41BB-AF3C-666D6FEB9A87}.Release|Any CPU.ActiveCfg = Release|Any CPU
		{F65FB3EE-B765-41BB-AF3C-666D6FEB9A87}.Release|Any CPU.Build.0 = Release|Any CPU
		{CD0C2C01-90F5-4EB6-973E-B2BFE38B40F8}.Debug|Any CPU.ActiveCfg = Debug|Any CPU
		{CD0C2C01-90F5-4EB6-973E-B2BFE38B40F8}.Debug|Any CPU.Build.0 = Debug|Any CPU
		{CD0C2C01-90F5-4EB6-973E-B2BFE38B40F8}.Release|Any CPU.ActiveCfg = Release|Any CPU
		{CD0C2C01-90F5-4EB6-973E-B2BFE38B40F8}.Release|Any CPU.Build.0 = Release|Any CPU
		{B82DF15D-A264-4773-9FA1-067EF53F027E}.Debug|Any CPU.ActiveCfg = Debug|Any CPU
		{B82DF15D-A264-4773-9FA1-067EF53F027E}.Debug|Any CPU.Build.0 = Debug|Any CPU
		{B82DF15D-A264-4773-9FA1-067EF53F027E}.Release|Any CPU.ActiveCfg = Release|Any CPU
		{B82DF15D-A264-4773-9FA1-067EF53F027E}.Release|Any CPU.Build.0 = Release|Any CPU
		{E1DB108D-B62A-4E6B-9D3C-ADDBB832C835}.Debug|Any CPU.ActiveCfg = Debug|Any CPU
		{E1DB108D-B62A-4E6B-9D3C-ADDBB832C835}.Debug|Any CPU.Build.0 = Debug|Any CPU
		{E1DB108D-B62A-4E6B-9D3C-ADDBB832C835}.Release|Any CPU.ActiveCfg = Release|Any CPU
		{E1DB108D-B62A-4E6B-9D3C-ADDBB832C835}.Release|Any CPU.Build.0 = Release|Any CPU
		{01F56A0E-5C4D-4496-A830-ECA50C676FEF}.Debug|Any CPU.ActiveCfg = Debug|Any CPU
		{01F56A0E-5C4D-4496-A830-ECA50C676FEF}.Debug|Any CPU.Build.0 = Debug|Any CPU
		{01F56A0E-5C4D-4496-A830-ECA50C676FEF}.Release|Any CPU.ActiveCfg = Release|Any CPU
		{01F56A0E-5C4D-4496-A830-ECA50C676FEF}.Release|Any CPU.Build.0 = Release|Any CPU
		{38F86A9E-962D-4A42-AA24-E094AD02E202}.Debug|Any CPU.ActiveCfg = Debug|Any CPU
		{38F86A9E-962D-4A42-AA24-E094AD02E202}.Debug|Any CPU.Build.0 = Debug|Any CPU
		{38F86A9E-962D-4A42-AA24-E094AD02E202}.Release|Any CPU.ActiveCfg = Release|Any CPU
		{38F86A9E-962D-4A42-AA24-E094AD02E202}.Release|Any CPU.Build.0 = Release|Any CPU
		{9ED5CC8C-309A-471B-8B4F-ED6F248010C5}.Debug|Any CPU.ActiveCfg = Debug|Any CPU
		{9ED5CC8C-309A-471B-8B4F-ED6F248010C5}.Debug|Any CPU.Build.0 = Debug|Any CPU
		{9ED5CC8C-309A-471B-8B4F-ED6F248010C5}.Release|Any CPU.ActiveCfg = Release|Any CPU
		{9ED5CC8C-309A-471B-8B4F-ED6F248010C5}.Release|Any CPU.Build.0 = Release|Any CPU
		{66656699-B478-4D08-8C22-B7886F115702}.Debug|Any CPU.ActiveCfg = Debug|Any CPU
		{66656699-B478-4D08-8C22-B7886F115702}.Debug|Any CPU.Build.0 = Debug|Any CPU
		{66656699-B478-4D08-8C22-B7886F115702}.Release|Any CPU.ActiveCfg = Release|Any CPU
		{66656699-B478-4D08-8C22-B7886F115702}.Release|Any CPU.Build.0 = Release|Any CPU
		{B55B485E-D38D-4767-99AF-AA966864F223}.Debug|Any CPU.ActiveCfg = Debug|Any CPU
		{B55B485E-D38D-4767-99AF-AA966864F223}.Debug|Any CPU.Build.0 = Debug|Any CPU
		{B55B485E-D38D-4767-99AF-AA966864F223}.Release|Any CPU.ActiveCfg = Release|Any CPU
		{B55B485E-D38D-4767-99AF-AA966864F223}.Release|Any CPU.Build.0 = Release|Any CPU
		{6EA5CADE-6EE1-4E0F-A988-A8D20CB438F1}.Debug|Any CPU.ActiveCfg = Debug|Any CPU
		{6EA5CADE-6EE1-4E0F-A988-A8D20CB438F1}.Debug|Any CPU.Build.0 = Debug|Any CPU
		{6EA5CADE-6EE1-4E0F-A988-A8D20CB438F1}.Release|Any CPU.ActiveCfg = Release|Any CPU
		{6EA5CADE-6EE1-4E0F-A988-A8D20CB438F1}.Release|Any CPU.Build.0 = Release|Any CPU
	EndGlobalSection
	GlobalSection(SolutionProperties) = preSolution
		HideSolutionNode = FALSE
	EndGlobalSection
	GlobalSection(NestedProjects) = preSolution
		{6EA5CADE-6EE1-4E0F-A988-A8D20CB438F1} = {DDF75464-D081-45D1-8A7B-610168D76B27}
	EndGlobalSection
	GlobalSection(ExtensibilityGlobals) = postSolution
		SolutionGuid = {A9F4C8EE-608C-4FFC-9BB0-6BD475132D53}
	EndGlobalSection
EndGlobal
